
Microsoft Visual Studio Solution File, Format Version 12.00
# Visual Studio Version 17
VisualStudioVersion = 17.11.35222.181
MinimumVisualStudioVersion = 10.0.40219.1
Project("{9A19103F-16F7-4668-BE54-9A1E7A4F7556}") = "Alice", "Alice\Alice.csproj", "{8818921D-B125-4888-99E3-06FC04C406D7}"
EndProject
Project("{9A19103F-16F7-4668-BE54-9A1E7A4F7556}") = "Bob", "Bob\Bob.csproj", "{FD4B433E-7773-48D9-8414-D90CAE806DAC}"
EndProject
Global
	GlobalSection(SolutionConfigurationPlatforms) = preSolution
		Debug|Any CPU = Debug|Any CPU
		Release|Any CPU = Release|Any CPU
	EndGlobalSection
	GlobalSection(ProjectConfigurationPlatforms) = postSolution
		{8818921D-B125-4888-99E3-06FC04C406D7}.Debug|Any CPU.ActiveCfg = Debug|Any CPU
		{8818921D-B125-4888-99E3-06FC04C406D7}.Debug|Any CPU.Build.0 = Debug|Any CPU
		{8818921D-B125-4888-99E3-06FC04C406D7}.Release|Any CPU.ActiveCfg = Release|Any CPU
		{8818921D-B125-4888-99E3-06FC04C406D7}.Release|Any CPU.Build.0 = Release|Any CPU
		{FD4B433E-7773-48D9-8414-D90CAE806DAC}.Debug|Any CPU.ActiveCfg = Debug|Any CPU
		{FD4B433E-7773-48D9-8414-D90CAE806DAC}.Debug|Any CPU.Build.0 = Debug|Any CPU
		{FD4B433E-7773-48D9-8414-D90CAE806DAC}.Release|Any CPU.ActiveCfg = Release|Any CPU
		{FD4B433E-7773-48D9-8414-D90CAE806DAC}.Release|Any CPU.Build.0 = Release|Any CPU
	EndGlobalSection
	GlobalSection(SolutionProperties) = preSolution
		HideSolutionNode = FALSE
	EndGlobalSection
	GlobalSection(ExtensibilityGlobals) = postSolution
		SolutionGuid = {CE535C19-4ECB-4753-8A18-404D74F9442F}
	EndGlobalSection
EndGlobal
